
Microsoft Visual Studio Solution File, Format Version 12.00
# Visual Studio 15
VisualStudioVersion = 15.0.26124.0
MinimumVisualStudioVersion = 15.0.26124.0
Project("{FAE04EC0-301F-11D3-BF4B-00C04F79EFBC}") = "Csharp_WebAPI_NUnit_EF_MySql", "Csharp_WebAPI_NUnit_EF_MySql\Csharp_WebAPI_NUnit_EF_MySql.csproj", "{3BCA1B52-AFBF-400C-8E49-09BF4B767081}"
EndProject
Project("{FAE04EC0-301F-11D3-BF4B-00C04F79EFBC}") = "Csharp_WebAPI_NUnit_EF_MySql_Tests", "Csharp_WebAPI_NUnit_EF_MySql_Tests\Csharp_WebAPI_NUnit_EF_MySql_Tests.csproj", "{CC1FF505-0F29-49D4-A582-68EDE14FBD1C}"
EndProject
Project("{FAE04EC0-301F-11D3-BF4B-00C04F79EFBC}") = "Csharp_WebAPI_EF_MySql_FluentAssertions", "Csharp_WebAPI_EF_MySql_FluentAssertions\Csharp_WebAPI_EF_MySql_FluentAssertions.csproj", "{8D2AAFE9-7FF7-479B-8557-57BEDD810DF1}"
EndProject
Project("{FAE04EC0-301F-11D3-BF4B-00C04F79EFBC}") = "Csharp_WebAPI_EF_MySql_Bogus_NUnit", "Csharp_WebAPI_EF_MySql_Bogus_NUnit\Csharp_WebAPI_EF_MySql_Bogus_NUnit.csproj", "{63938B0F-4EC6-4C62-95EB-7F15D695E048}"
EndProject
Project("{FAE04EC0-301F-11D3-BF4B-00C04F79EFBC}") = "Csharp_WebAPI_EF_MySql_Bogus_FluentAssertions", "Csharp_WebAPI_EF_MySql_Bogus_FluentAssertions\Csharp_WebAPI_EF_MySql_Bogus_FluentAssertions.csproj", "{F1CA9B3A-C69D-4171-BFEB-61F249ACB630}"
EndProject
Global
	GlobalSection(SolutionConfigurationPlatforms) = preSolution
		Debug|Any CPU = Debug|Any CPU
		Debug|x64 = Debug|x64
		Debug|x86 = Debug|x86
		Release|Any CPU = Release|Any CPU
		Release|x64 = Release|x64
		Release|x86 = Release|x86
	EndGlobalSection
	GlobalSection(SolutionProperties) = preSolution
		HideSolutionNode = FALSE
	EndGlobalSection
	GlobalSection(ProjectConfigurationPlatforms) = postSolution
		{3BCA1B52-AFBF-400C-8E49-09BF4B767081}.Debug|Any CPU.ActiveCfg = Debug|Any CPU
		{3BCA1B52-AFBF-400C-8E49-09BF4B767081}.Debug|Any CPU.Build.0 = Debug|Any CPU
		{3BCA1B52-AFBF-400C-8E49-09BF4B767081}.Debug|x64.ActiveCfg = Debug|Any CPU
		{3BCA1B52-AFBF-400C-8E49-09BF4B767081}.Debug|x64.Build.0 = Debug|Any CPU
		{3BCA1B52-AFBF-400C-8E49-09BF4B767081}.Debug|x86.ActiveCfg = Debug|Any CPU
		{3BCA1B52-AFBF-400C-8E49-09BF4B767081}.Debug|x86.Build.0 = Debug|Any CPU
		{3BCA1B52-AFBF-400C-8E49-09BF4B767081}.Release|Any CPU.ActiveCfg = Release|Any CPU
		{3BCA1B52-AFBF-400C-8E49-09BF4B767081}.Release|Any CPU.Build.0 = Release|Any CPU
		{3BCA1B52-AFBF-400C-8E49-09BF4B767081}.Release|x64.ActiveCfg = Release|Any CPU
		{3BCA1B52-AFBF-400C-8E49-09BF4B767081}.Release|x64.Build.0 = Release|Any CPU
		{3BCA1B52-AFBF-400C-8E49-09BF4B767081}.Release|x86.ActiveCfg = Release|Any CPU
		{3BCA1B52-AFBF-400C-8E49-09BF4B767081}.Release|x86.Build.0 = Release|Any CPU
		{CC1FF505-0F29-49D4-A582-68EDE14FBD1C}.Debug|Any CPU.ActiveCfg = Debug|Any CPU
		{CC1FF505-0F29-49D4-A582-68EDE14FBD1C}.Debug|Any CPU.Build.0 = Debug|Any CPU
		{CC1FF505-0F29-49D4-A582-68EDE14FBD1C}.Debug|x64.ActiveCfg = Debug|Any CPU
		{CC1FF505-0F29-49D4-A582-68EDE14FBD1C}.Debug|x64.Build.0 = Debug|Any CPU
		{CC1FF505-0F29-49D4-A582-68EDE14FBD1C}.Debug|x86.ActiveCfg = Debug|Any CPU
		{CC1FF505-0F29-49D4-A582-68EDE14FBD1C}.Debug|x86.Build.0 = Debug|Any CPU
		{CC1FF505-0F29-49D4-A582-68EDE14FBD1C}.Release|Any CPU.ActiveCfg = Release|Any CPU
		{CC1FF505-0F29-49D4-A582-68EDE14FBD1C}.Release|Any CPU.Build.0 = Release|Any CPU
		{CC1FF505-0F29-49D4-A582-68EDE14FBD1C}.Release|x64.ActiveCfg = Release|Any CPU
		{CC1FF505-0F29-49D4-A582-68EDE14FBD1C}.Release|x64.Build.0 = Release|Any CPU
		{CC1FF505-0F29-49D4-A582-68EDE14FBD1C}.Release|x86.ActiveCfg = Release|Any CPU
		{CC1FF505-0F29-49D4-A582-68EDE14FBD1C}.Release|x86.Build.0 = Release|Any CPU
		{8D2AAFE9-7FF7-479B-8557-57BEDD810DF1}.Debug|Any CPU.ActiveCfg = Debug|Any CPU
		{8D2AAFE9-7FF7-479B-8557-57BEDD810DF1}.Debug|Any CPU.Build.0 = Debug|Any CPU
		{8D2AAFE9-7FF7-479B-8557-57BEDD810DF1}.Debug|x64.ActiveCfg = Debug|Any CPU
		{8D2AAFE9-7FF7-479B-8557-57BEDD810DF1}.Debug|x64.Build.0 = Debug|Any CPU
		{8D2AAFE9-7FF7-479B-8557-57BEDD810DF1}.Debug|x86.ActiveCfg = Debug|Any CPU
		{8D2AAFE9-7FF7-479B-8557-57BEDD810DF1}.Debug|x86.Build.0 = Debug|Any CPU
		{8D2AAFE9-7FF7-479B-8557-57BEDD810DF1}.Release|Any CPU.ActiveCfg = Release|Any CPU
		{8D2AAFE9-7FF7-479B-8557-57BEDD810DF1}.Release|Any CPU.Build.0 = Release|Any CPU
		{8D2AAFE9-7FF7-479B-8557-57BEDD810DF1}.Release|x64.ActiveCfg = Release|Any CPU
		{8D2AAFE9-7FF7-479B-8557-57BEDD810DF1}.Release|x64.Build.0 = Release|Any CPU
		{8D2AAFE9-7FF7-479B-8557-57BEDD810DF1}.Release|x86.ActiveCfg = Release|Any CPU
		{8D2AAFE9-7FF7-479B-8557-57BEDD810DF1}.Release|x86.Build.0 = Release|Any CPU
		{63938B0F-4EC6-4C62-95EB-7F15D695E048}.Debug|Any CPU.ActiveCfg = Debug|Any CPU
		{63938B0F-4EC6-4C62-95EB-7F15D695E048}.Debug|Any CPU.Build.0 = Debug|Any CPU
		{63938B0F-4EC6-4C62-95EB-7F15D695E048}.Debug|x64.ActiveCfg = Debug|Any CPU
		{63938B0F-4EC6-4C62-95EB-7F15D695E048}.Debug|x64.Build.0 = Debug|Any CPU
		{63938B0F-4EC6-4C62-95EB-7F15D695E048}.Debug|x86.ActiveCfg = Debug|Any CPU
		{63938B0F-4EC6-4C62-95EB-7F15D695E048}.Debug|x86.Build.0 = Debug|Any CPU
		{63938B0F-4EC6-4C62-95EB-7F15D695E048}.Release|Any CPU.ActiveCfg = Release|Any CPU
		{63938B0F-4EC6-4C62-95EB-7F15D695E048}.Release|Any CPU.Build.0 = Release|Any CPU
		{63938B0F-4EC6-4C62-95EB-7F15D695E048}.Release|x64.ActiveCfg = Release|Any CPU
		{63938B0F-4EC6-4C62-95EB-7F15D695E048}.Release|x64.Build.0 = Release|Any CPU
		{63938B0F-4EC6-4C62-95EB-7F15D695E048}.Release|x86.ActiveCfg = Release|Any CPU
		{63938B0F-4EC6-4C62-95EB-7F15D695E048}.Release|x86.Build.0 = Release|Any CPU
		{F1CA9B3A-C69D-4171-BFEB-61F249ACB630}.Debug|Any CPU.ActiveCfg = Debug|Any CPU
		{F1CA9B3A-C69D-4171-BFEB-61F249ACB630}.Debug|Any CPU.Build.0 = Debug|Any CPU
		{F1CA9B3A-C69D-4171-BFEB-61F249ACB630}.Debug|x64.ActiveCfg = Debug|Any CPU
		{F1CA9B3A-C69D-4171-BFEB-61F249ACB630}.Debug|x64.Build.0 = Debug|Any CPU
		{F1CA9B3A-C69D-4171-BFEB-61F249ACB630}.Debug|x86.ActiveCfg = Debug|Any CPU
		{F1CA9B3A-C69D-4171-BFEB-61F249ACB630}.Debug|x86.Build.0 = Debug|Any CPU
		{F1CA9B3A-C69D-4171-BFEB-61F249ACB630}.Release|Any CPU.ActiveCfg = Release|Any CPU
		{F1CA9B3A-C69D-4171-BFEB-61F249ACB630}.Release|Any CPU.Build.0 = Release|Any CPU
		{F1CA9B3A-C69D-4171-BFEB-61F249ACB630}.Release|x64.ActiveCfg = Release|Any CPU
		{F1CA9B3A-C69D-4171-BFEB-61F249ACB630}.Release|x64.Build.0 = Release|Any CPU
		{F1CA9B3A-C69D-4171-BFEB-61F249ACB630}.Release|x86.ActiveCfg = Release|Any CPU
		{F1CA9B3A-C69D-4171-BFEB-61F249ACB630}.Release|x86.Build.0 = Release|Any CPU
	EndGlobalSection
EndGlobal
